
Microsoft Visual Studio Solution File, Format Version 12.00
# Visual Studio 14
VisualStudioVersion = 14.0.25420.1
MinimumVisualStudioVersion = 10.0.40219.1
Project("{FAE04EC0-301F-11D3-BF4B-00C04F79EFBC}") = "examples", "examples\examples.csproj", "{6D95AE00-AD8A-45EE-A11D-6C460D5083B2}"
	ProjectSection(ProjectDependencies) = postProject
		{E46041C9-99E8-4BCA-8850-D62A34E2D6E5} = {E46041C9-99E8-4BCA-8850-D62A34E2D6E5}
	EndProjectSection
EndProject
Project("{FAE04EC0-301F-11D3-BF4B-00C04F79EFBC}") = "COSE", "..\COSE\COSE.csproj", "{D02F476F-BC2C-4D01-BEDE-EB8E79DD050E}"
EndProject
Project("{FAE04EC0-301F-11D3-BF4B-00C04F79EFBC}") = "JOSE", "..\JOSE\JOSE.csproj", "{E46041C9-99E8-4BCA-8850-D62A34E2D6E5}"
EndProject
Project("{FAE04EC0-301F-11D3-BF4B-00C04F79EFBC}") = "CBOR", "..\..\..\CBOR\CBOR.csproj", "{23A1B70C-F064-47B6-8B7E-E2042CDAD8C7}"
EndProject
Project("{FAE04EC0-301F-11D3-BF4B-00C04F79EFBC}") = "BouncyCastle", "..\..\..\..\Bouncy-Castle\bc-csharp\crypto\BouncyCastle.csproj", "{4C235092-820C-4DEB-9074-D356FB797D8B}"
EndProject
Project("{FAE04EC0-301F-11D3-BF4B-00C04F79EFBC}") = "Numbers", "..\..\..\Numbers\Numbers.csproj", "{2FE061A7-7675-45C0-8EC8-AAD7D92FA74B}"
EndProject
Project("{FAE04EC0-301F-11D3-BF4B-00C04F79EFBC}") = "COSETests", "COSETests\COSETests.csproj", "{D8A13639-2567-4BF2-9ED1-E76464D6DE95}"
EndProject
Project("{FAE04EC0-301F-11D3-BF4B-00C04F79EFBC}") = "CWT", "..\CWT\CWT.csproj", "{D0122CAD-CCD2-4CCF-B4A3-D2BBE5D86A1B}"
EndProject
Project("{FAE04EC0-301F-11D3-BF4B-00C04F79EFBC}") = "JWT", "..\JWT\JWT.csproj", "{A6246985-90E0-474C-9D7F-C428EC680197}"
EndProject
Global
	GlobalSection(SolutionConfigurationPlatforms) = preSolution
		Debug|Any CPU = Debug|Any CPU
		Release|Any CPU = Release|Any CPU
		ReleaseNet40|Any CPU = ReleaseNet40|Any CPU
	EndGlobalSection
	GlobalSection(ProjectConfigurationPlatforms) = postSolution
		{6D95AE00-AD8A-45EE-A11D-6C460D5083B2}.Debug|Any CPU.ActiveCfg = Debug|Any CPU
		{6D95AE00-AD8A-45EE-A11D-6C460D5083B2}.Debug|Any CPU.Build.0 = Debug|Any CPU
		{6D95AE00-AD8A-45EE-A11D-6C460D5083B2}.Release|Any CPU.ActiveCfg = Release|Any CPU
		{6D95AE00-AD8A-45EE-A11D-6C460D5083B2}.Release|Any CPU.Build.0 = Release|Any CPU
		{6D95AE00-AD8A-45EE-A11D-6C460D5083B2}.ReleaseNet40|Any CPU.ActiveCfg = Release|Any CPU
		{6D95AE00-AD8A-45EE-A11D-6C460D5083B2}.ReleaseNet40|Any CPU.Build.0 = Release|Any CPU
		{D02F476F-BC2C-4D01-BEDE-EB8E79DD050E}.Debug|Any CPU.ActiveCfg = Debug|Any CPU
		{D02F476F-BC2C-4D01-BEDE-EB8E79DD050E}.Debug|Any CPU.Build.0 = Debug|Any CPU
		{D02F476F-BC2C-4D01-BEDE-EB8E79DD050E}.Release|Any CPU.ActiveCfg = Release|Any CPU
		{D02F476F-BC2C-4D01-BEDE-EB8E79DD050E}.Release|Any CPU.Build.0 = Release|Any CPU
		{D02F476F-BC2C-4D01-BEDE-EB8E79DD050E}.ReleaseNet40|Any CPU.ActiveCfg = Release|Any CPU
		{D02F476F-BC2C-4D01-BEDE-EB8E79DD050E}.ReleaseNet40|Any CPU.Build.0 = Release|Any CPU
		{E46041C9-99E8-4BCA-8850-D62A34E2D6E5}.Debug|Any CPU.ActiveCfg = Debug|Any CPU
		{E46041C9-99E8-4BCA-8850-D62A34E2D6E5}.Debug|Any CPU.Build.0 = Debug|Any CPU
		{E46041C9-99E8-4BCA-8850-D62A34E2D6E5}.Release|Any CPU.ActiveCfg = Release|Any CPU
		{E46041C9-99E8-4BCA-8850-D62A34E2D6E5}.Release|Any CPU.Build.0 = Release|Any CPU
		{E46041C9-99E8-4BCA-8850-D62A34E2D6E5}.ReleaseNet40|Any CPU.ActiveCfg = Release|Any CPU
		{E46041C9-99E8-4BCA-8850-D62A34E2D6E5}.ReleaseNet40|Any CPU.Build.0 = Release|Any CPU
		{23A1B70C-F064-47B6-8B7E-E2042CDAD8C7}.Debug|Any CPU.ActiveCfg = Debug|Any CPU
		{23A1B70C-F064-47B6-8B7E-E2042CDAD8C7}.Debug|Any CPU.Build.0 = Debug|Any CPU
		{23A1B70C-F064-47B6-8B7E-E2042CDAD8C7}.Release|Any CPU.ActiveCfg = Release|Any CPU
		{23A1B70C-F064-47B6-8B7E-E2042CDAD8C7}.Release|Any CPU.Build.0 = Release|Any CPU
		{23A1B70C-F064-47B6-8B7E-E2042CDAD8C7}.ReleaseNet40|Any CPU.ActiveCfg = ReleaseNet40|Any CPU
		{23A1B70C-F064-47B6-8B7E-E2042CDAD8C7}.ReleaseNet40|Any CPU.Build.0 = ReleaseNet40|Any CPU
		{4C235092-820C-4DEB-9074-D356FB797D8B}.Debug|Any CPU.ActiveCfg = Debug|Any CPU
		{4C235092-820C-4DEB-9074-D356FB797D8B}.Debug|Any CPU.Build.0 = Debug|Any CPU
		{4C235092-820C-4DEB-9074-D356FB797D8B}.Release|Any CPU.ActiveCfg = Release|Any CPU
		{4C235092-820C-4DEB-9074-D356FB797D8B}.Release|Any CPU.Build.0 = Release|Any CPU
		{4C235092-820C-4DEB-9074-D356FB797D8B}.ReleaseNet40|Any CPU.ActiveCfg = Release|Any CPU
		{4C235092-820C-4DEB-9074-D356FB797D8B}.ReleaseNet40|Any CPU.Build.0 = Release|Any CPU
		{2FE061A7-7675-45C0-8EC8-AAD7D92FA74B}.Debug|Any CPU.ActiveCfg = Debug|Any CPU
		{2FE061A7-7675-45C0-8EC8-AAD7D92FA74B}.Debug|Any CPU.Build.0 = Debug|Any CPU
		{2FE061A7-7675-45C0-8EC8-AAD7D92FA74B}.Release|Any CPU.ActiveCfg = Release|Any CPU
		{2FE061A7-7675-45C0-8EC8-AAD7D92FA74B}.Release|Any CPU.Build.0 = Release|Any CPU
		{2FE061A7-7675-45C0-8EC8-AAD7D92FA74B}.ReleaseNet40|Any CPU.ActiveCfg = ReleaseNet40|Any CPU
		{2FE061A7-7675-45C0-8EC8-AAD7D92FA74B}.ReleaseNet40|Any CPU.Build.0 = ReleaseNet40|Any CPU
		{D8A13639-2567-4BF2-9ED1-E76464D6DE95}.Debug|Any CPU.ActiveCfg = Debug|Any CPU
		{D8A13639-2567-4BF2-9ED1-E76464D6DE95}.Debug|Any CPU.Build.0 = Debug|Any CPU
		{D8A13639-2567-4BF2-9ED1-E76464D6DE95}.Release|Any CPU.ActiveCfg = Release|Any CPU
		{D8A13639-2567-4BF2-9ED1-E76464D6DE95}.Release|Any CPU.Build.0 = Release|Any CPU
		{D8A13639-2567-4BF2-9ED1-E76464D6DE95}.ReleaseNet40|Any CPU.ActiveCfg = Release|Any CPU
		{D8A13639-2567-4BF2-9ED1-E76464D6DE95}.ReleaseNet40|Any CPU.Build.0 = Release|Any CPU
		{D0122CAD-CCD2-4CCF-B4A3-D2BBE5D86A1B}.Debug|Any CPU.ActiveCfg = Debug|Any CPU
		{D0122CAD-CCD2-4CCF-B4A3-D2BBE5D86A1B}.Debug|Any CPU.Build.0 = Debug|Any CPU
		{D0122CAD-CCD2-4CCF-B4A3-D2BBE5D86A1B}.Release|Any CPU.ActiveCfg = Release|Any CPU
		{D0122CAD-CCD2-4CCF-B4A3-D2BBE5D86A1B}.Release|Any CPU.Build.0 = Release|Any CPU
		{D0122CAD-CCD2-4CCF-B4A3-D2BBE5D86A1B}.ReleaseNet40|Any CPU.ActiveCfg = Release|Any CPU
		{D0122CAD-CCD2-4CCF-B4A3-D2BBE5D86A1B}.ReleaseNet40|Any CPU.Build.0 = Release|Any CPU
		{A6246985-90E0-474C-9D7F-C428EC680197}.Debug|Any CPU.ActiveCfg = Debug|Any CPU
		{A6246985-90E0-474C-9D7F-C428EC680197}.Debug|Any CPU.Build.0 = Debug|Any CPU
		{A6246985-90E0-474C-9D7F-C428EC680197}.Release|Any CPU.ActiveCfg = Release|Any CPU
		{A6246985-90E0-474C-9D7F-C428EC680197}.Release|Any CPU.Build.0 = Release|Any CPU
		{A6246985-90E0-474C-9D7F-C428EC680197}.ReleaseNet40|Any CPU.ActiveCfg = Release|Any CPU
		{A6246985-90E0-474C-9D7F-C428EC680197}.ReleaseNet40|Any CPU.Build.0 = Release|Any CPU
	EndGlobalSection
	GlobalSection(SolutionProperties) = preSolution
		HideSolutionNode = FALSE
	EndGlobalSection
EndGlobal
